
Microsoft Visual Studio Solution File, Format Version 12.00
# Visual Studio Version 16
VisualStudioVersion = 16.0.29920.165
MinimumVisualStudioVersion = 10.0.40219.1
Project("{FAE04EC0-301F-11D3-BF4B-00C04F79EFBC}") = "Client.Sample", "Client.Sample\Client.Sample.csproj", "{E09A8C18-621B-45BB-A933-24EAEA3FA307}"
EndProject
Project("{2150E333-8FDC-42A3-9474-1A3956D46DE8}") = "Samples", "Samples", "{88E1527C-13B1-4384-89E5-4878E7961F33}"
EndProject
Project("{FAE04EC0-301F-11D3-BF4B-00C04F79EFBC}") = "Blazor.MultiSelect", "Blazor.MultiSelect\Blazor.MultiSelect.csproj", "{F83FC192-23C8-4079-882C-EE333FB2A6C7}"
EndProject
Global
	GlobalSection(SolutionConfigurationPlatforms) = preSolution
		Debug|Any CPU = Debug|Any CPU
		Release|Any CPU = Release|Any CPU
	EndGlobalSection
	GlobalSection(ProjectConfigurationPlatforms) = postSolution
		{E09A8C18-621B-45BB-A933-24EAEA3FA307}.Debug|Any CPU.ActiveCfg = Debug|Any CPU
		{E09A8C18-621B-45BB-A933-24EAEA3FA307}.Debug|Any CPU.Build.0 = Debug|Any CPU
		{E09A8C18-621B-45BB-A933-24EAEA3FA307}.Release|Any CPU.ActiveCfg = Release|Any CPU
		{E09A8C18-621B-45BB-A933-24EAEA3FA307}.Release|Any CPU.Build.0 = Release|Any CPU
		{F83FC192-23C8-4079-882C-EE333FB2A6C7}.Debug|Any CPU.ActiveCfg = Debug|Any CPU
		{F83FC192-23C8-4079-882C-EE333FB2A6C7}.Debug|Any CPU.Build.0 = Debug|Any CPU
		{F83FC192-23C8-4079-882C-EE333FB2A6C7}.Release|Any CPU.ActiveCfg = Release|Any CPU
		{F83FC192-23C8-4079-882C-EE333FB2A6C7}.Release|Any CPU.Build.0 = Release|Any CPU
	EndGlobalSection
	GlobalSection(SolutionProperties) = preSolution
		HideSolutionNode = FALSE
	EndGlobalSection
	GlobalSection(NestedProjects) = preSolution
		{E09A8C18-621B-45BB-A933-24EAEA3FA307} = {88E1527C-13B1-4384-89E5-4878E7961F33}
	EndGlobalSection
	GlobalSection(ExtensibilityGlobals) = postSolution
		SolutionGuid = {BFB79E6E-991E-4777-87B3-BB489C46CFEC}
	EndGlobalSection
EndGlobal
